Microsoft Visual Studio Solution File, Format Version 11.00
# Visual Studio 2008

Project("{A74D8A95-B080-6989-A3BD-D9F2352832EB}") = "TwoTowers", "Assembly-CSharp-firstpass.csproj", "{42A97D36-0821-1773-1FEE-0FC5FFF43247}"
EndProject
Project("{A74D8A95-B080-6989-A3BD-D9F2352832EB}") = "TwoTowers", "Assembly-CSharp.csproj", "{5C53E567-33E9-8C2C-C924-495E8CD1B26F}"
EndProject
Project("{A74D8A95-B080-6989-A3BD-D9F2352832EB}") = "TwoTowers", "Assembly-CSharp-Editor.csproj", "{80091DCD-2FC3-3209-C08A-6E6F2DF88530}"
EndProject
Global
	GlobalSection(SolutionConfigurationPlatforms) = preSolution
		Debug|Any CPU = Debug|Any CPU
		Release|Any CPU = Release|Any CPU
	EndGlobalSection
	GlobalSection(ProjectConfigurationPlatforms) = postSolution
		{42A97D36-0821-1773-1FEE-0FC5FFF43247}.Debug|Any CPU.ActiveCfg = Debug|Any CPU
		{42A97D36-0821-1773-1FEE-0FC5FFF43247}.Debug|Any CPU.Build.0 = Debug|Any CPU
		{42A97D36-0821-1773-1FEE-0FC5FFF43247}.Release|Any CPU.ActiveCfg = Release|Any CPU
		{42A97D36-0821-1773-1FEE-0FC5FFF43247}.Release|Any CPU.Build.0 = Release|Any CPU
		{5C53E567-33E9-8C2C-C924-495E8CD1B26F}.Debug|Any CPU.ActiveCfg = Debug|Any CPU
		{5C53E567-33E9-8C2C-C924-495E8CD1B26F}.Debug|Any CPU.Build.0 = Debug|Any CPU
		{5C53E567-33E9-8C2C-C924-495E8CD1B26F}.Release|Any CPU.ActiveCfg = Release|Any CPU
		{5C53E567-33E9-8C2C-C924-495E8CD1B26F}.Release|Any CPU.Build.0 = Release|Any CPU
		{80091DCD-2FC3-3209-C08A-6E6F2DF88530}.Debug|Any CPU.ActiveCfg = Debug|Any CPU
		{80091DCD-2FC3-3209-C08A-6E6F2DF88530}.Debug|Any CPU.Build.0 = Debug|Any CPU
		{80091DCD-2FC3-3209-C08A-6E6F2DF88530}.Release|Any CPU.ActiveCfg = Release|Any CPU
		{80091DCD-2FC3-3209-C08A-6E6F2DF88530}.Release|Any CPU.Build.0 = Release|Any CPU
	EndGlobalSection
	GlobalSection(SolutionProperties) = preSolution
		HideSolutionNode = FALSE
	EndGlobalSection
	GlobalSection(MonoDevelopProperties) = preSolution
		StartupItem = Assembly-CSharp.csproj
	EndGlobalSection
EndGlobal
